
Microsoft Visual Studio Solution File, Format Version 12.00
# Visual Studio Version 16
VisualStudioVersion = 16.0.31515.178
MinimumVisualStudioVersion = 10.0.40219.1
Project("{888888A0-9F3D-457C-B088-3A5042F75D52}") = "CIS261ProjectPhase2", "CIS261ProjectPhase2.pyproj", "{58734FD5-23FD-4FFE-A35A-9E655B3CEE68}"
EndProject
Global
	GlobalSection(SolutionConfigurationPlatforms) = preSolution
		Debug|Any CPU = Debug|Any CPU
		Release|Any CPU = Release|Any CPU
	EndGlobalSection
	GlobalSection(ProjectConfigurationPlatforms) = postSolution
		{58734FD5-23FD-4FFE-A35A-9E655B3CEE68}.Debug|Any CPU.ActiveCfg = Debug|Any CPU
		{58734FD5-23FD-4FFE-A35A-9E655B3CEE68}.Release|Any CPU.ActiveCfg = Release|Any CPU
	EndGlobalSection
	GlobalSection(SolutionProperties) = preSolution
		HideSolutionNode = FALSE
	EndGlobalSection
	GlobalSection(ExtensibilityGlobals) = postSolution
		SolutionGuid = {1A2CF981-FE8E-4F18-B282-876A4FBBF2CB}
	EndGlobalSection
EndGlobal
